
Microsoft Visual Studio Solution File, Format Version 12.00
# Visual Studio 15
VisualStudioVersion = 15.0.27428.2005
MinimumVisualStudioVersion = 10.0.40219.1
Project("{FAE04EC0-301F-11D3-BF4B-00C04F79EFBC}") = "fms.Web", "fms.Web\fms.Web.csproj", "{DF0907AA-43C8-45E7-B90E-7470A526D4A8}"
EndProject
Project("{FAE04EC0-301F-11D3-BF4B-00C04F79EFBC}") = "fms.Service", "fms.Service\fms.Service.csproj", "{E1F87A5C-AE74-49C1-A940-20BBAC7AFE90}"
EndProject
Global
	GlobalSection(SolutionConfigurationPlatforms) = preSolution
		Debug|Any CPU = Debug|Any CPU
		Release|Any CPU = Release|Any CPU
	EndGlobalSection
	GlobalSection(ProjectConfigurationPlatforms) = postSolution
		{DF0907AA-43C8-45E7-B90E-7470A526D4A8}.Debug|Any CPU.ActiveCfg = Debug|Any CPU
		{DF0907AA-43C8-45E7-B90E-7470A526D4A8}.Debug|Any CPU.Build.0 = Debug|Any CPU
		{DF0907AA-43C8-45E7-B90E-7470A526D4A8}.Release|Any CPU.ActiveCfg = Release|Any CPU
		{DF0907AA-43C8-45E7-B90E-7470A526D4A8}.Release|Any CPU.Build.0 = Release|Any CPU
		{E1F87A5C-AE74-49C1-A940-20BBAC7AFE90}.Debug|Any CPU.ActiveCfg = Debug|Any CPU
		{E1F87A5C-AE74-49C1-A940-20BBAC7AFE90}.Debug|Any CPU.Build.0 = Debug|Any CPU
		{E1F87A5C-AE74-49C1-A940-20BBAC7AFE90}.Release|Any CPU.ActiveCfg = Release|Any CPU
		{E1F87A5C-AE74-49C1-A940-20BBAC7AFE90}.Release|Any CPU.Build.0 = Release|Any CPU
	EndGlobalSection
	GlobalSection(SolutionProperties) = preSolution
		HideSolutionNode = FALSE
	EndGlobalSection
	GlobalSection(ExtensibilityGlobals) = postSolution
		SolutionGuid = {85DDBF79-0C16-4C19-9962-8F200EEC1E6B}
	EndGlobalSection
EndGlobal
